
Microsoft Visual Studio Solution File, Format Version 12.00
# Visual Studio Version 17
VisualStudioVersion = 17.10.35027.167
MinimumVisualStudioVersion = 10.0.40219.1
Project("{FAE04EC0-301F-11D3-BF4B-00C04F79EFBC}") = "Assignment3.1.1", "Assignment3.1\Assignment3.1.1.csproj", "{87255BCD-B0F1-4E38-92D2-F36A5E3D9177}"
EndProject
Project("{FAE04EC0-301F-11D3-BF4B-00C04F79EFBC}") = "Assignment3.1.2", "..\Assignment3.1.2\Assignment3.1.2.csproj", "{B65CCA38-6BA3-48E5-A4B4-C165A18F1223}"
EndProject
Project("{FAE04EC0-301F-11D3-BF4B-00C04F79EFBC}") = "Assignment3.1.3", "Assignment3.1.3\Assignment3.1.3.csproj", "{FBA7021C-90F3-4C0D-B605-455D76C1C864}"
EndProject
Project("{FAE04EC0-301F-11D3-BF4B-00C04F79EFBC}") = "Assignment3.1.4", "Assignment3.1.4\Assignment3.1.4.csproj", "{674C2165-DCDD-4A37-ACBA-804C82673BCE}"
EndProject
Project("{FAE04EC0-301F-11D3-BF4B-00C04F79EFBC}") = "Assignment3.1.5", "Assignment3.1.5\Assignment3.1.5.csproj", "{0086BE19-27F8-43E5-B8EF-6D6975EC7501}"
EndProject
Global
	GlobalSection(SolutionConfigurationPlatforms) = preSolution
		Debug|Any CPU = Debug|Any CPU
		Release|Any CPU = Release|Any CPU
	EndGlobalSection
	GlobalSection(ProjectConfigurationPlatforms) = postSolution
		{87255BCD-B0F1-4E38-92D2-F36A5E3D9177}.Debug|Any CPU.ActiveCfg = Debug|Any CPU
		{87255BCD-B0F1-4E38-92D2-F36A5E3D9177}.Debug|Any CPU.Build.0 = Debug|Any CPU
		{87255BCD-B0F1-4E38-92D2-F36A5E3D9177}.Release|Any CPU.ActiveCfg = Release|Any CPU
		{87255BCD-B0F1-4E38-92D2-F36A5E3D9177}.Release|Any CPU.Build.0 = Release|Any CPU
		{B65CCA38-6BA3-48E5-A4B4-C165A18F1223}.Debug|Any CPU.ActiveCfg = Debug|Any CPU
		{B65CCA38-6BA3-48E5-A4B4-C165A18F1223}.Debug|Any CPU.Build.0 = Debug|Any CPU
		{B65CCA38-6BA3-48E5-A4B4-C165A18F1223}.Release|Any CPU.ActiveCfg = Release|Any CPU
		{B65CCA38-6BA3-48E5-A4B4-C165A18F1223}.Release|Any CPU.Build.0 = Release|Any CPU
		{FBA7021C-90F3-4C0D-B605-455D76C1C864}.Debug|Any CPU.ActiveCfg = Debug|Any CPU
		{FBA7021C-90F3-4C0D-B605-455D76C1C864}.Debug|Any CPU.Build.0 = Debug|Any CPU
		{FBA7021C-90F3-4C0D-B605-455D76C1C864}.Release|Any CPU.ActiveCfg = Release|Any CPU
		{FBA7021C-90F3-4C0D-B605-455D76C1C864}.Release|Any CPU.Build.0 = Release|Any CPU
		{674C2165-DCDD-4A37-ACBA-804C82673BCE}.Debug|Any CPU.ActiveCfg = Debug|Any CPU
		{674C2165-DCDD-4A37-ACBA-804C82673BCE}.Debug|Any CPU.Build.0 = Debug|Any CPU
		{674C2165-DCDD-4A37-ACBA-804C82673BCE}.Release|Any CPU.ActiveCfg = Release|Any CPU
		{674C2165-DCDD-4A37-ACBA-804C82673BCE}.Release|Any CPU.Build.0 = Release|Any CPU
		{0086BE19-27F8-43E5-B8EF-6D6975EC7501}.Debug|Any CPU.ActiveCfg = Debug|Any CPU
		{0086BE19-27F8-43E5-B8EF-6D6975EC7501}.Debug|Any CPU.Build.0 = Debug|Any CPU
		{0086BE19-27F8-43E5-B8EF-6D6975EC7501}.Release|Any CPU.ActiveCfg = Release|Any CPU
		{0086BE19-27F8-43E5-B8EF-6D6975EC7501}.Release|Any CPU.Build.0 = Release|Any CPU
	EndGlobalSection
	GlobalSection(SolutionProperties) = preSolution
		HideSolutionNode = FALSE
	EndGlobalSection
	GlobalSection(ExtensibilityGlobals) = postSolution
		SolutionGuid = {C9E04C6A-E364-4DC2-98AD-7CF20825FF00}
	EndGlobalSection
EndGlobal
